// !$*UTF8*$!
{
	archiveVersion = 1;
	classes = {
	};
	objectVersion = 46;
	objects = {

/* Begin PBXBuildFile section */
		160336321EC3835700305F81 /* CleanItunesCore.h in Headers */ = {isa = PBXBuildFile; fileRef = 160336301EC3835700305F81 /* CleanItunesCore.h */; settings = {ATTRIBUTES = (Public, ); }; };
		160336451EC383FB00305F81 /* ItunesSearchRequest.swift in Sources */ = {isa = PBXBuildFile; fileRef = 160336441EC383FB00305F81 /* ItunesSearchRequest.swift */; };
		160336491EC386DB00305F81 /* Alamofire.framework in Frameworks */ = {isa = PBXBuildFile; fileRef = 160336481EC386DB00305F81 /* Alamofire.framework */; };
		167A812A1EC62A5A00E1CEA6 /* Realm.framework in Frameworks */ = {isa = PBXBuildFile; fileRef = 167A81281EC62A5A00E1CEA6 /* Realm.framework */; };
		167A812B1EC62A5A00E1CEA6 /* RealmSwift.framework in Frameworks */ = {isa = PBXBuildFile; fileRef = 167A81291EC62A5A00E1CEA6 /* RealmSwift.framework */; };
/* End PBXBuildFile section */

/* Begin PBXFileReference section */
		1603362D1EC3835700305F81 /* CleanItunesCore.framework */ = {isa = PBXFileReference; explicitFileType = wrapper.framework; includeInIndex = 0; path = CleanItunesCore.framework; sourceTree = BUILT_PRODUCTS_DIR; };
		160336301EC3835700305F81 /* CleanItunesCore.h */ = {isa = PBXFileReference; lastKnownFileType = sourcecode.c.h; path = CleanItunesCore.h; sourceTree = "<group>"; };
		160336311EC3835700305F81 /* Info.plist */ = {isa = PBXFileReference; lastKnownFileType = text.plist.xml; path = Info.plist; sourceTree = "<group>"; };
		160336441EC383FB00305F81 /* ItunesSearchRequest.swift */ = {isa = PBXFileReference; fileEncoding = 4; lastKnownFileType = sourcecode.swift; path = ItunesSearchRequest.swift; sourceTree = "<group>"; };
		160336481EC386DB00305F81 /* Alamofire.framework */ = {isa = PBXFileReference; lastKnownFileType = wrapper.framework; name = Alamofire.framework; path = Carthage/Build/iOS/Alamofire.framework; sourceTree = "<group>"; };
		16042CCD1EC6171B00B17626 /* Cartfile.private */ = {isa = PBXFileReference; lastKnownFileType = text; path = Cartfile.private; sourceTree = SOURCE_ROOT; };
		167A81281EC62A5A00E1CEA6 /* Realm.framework */ = {isa = PBXFileReference; lastKnownFileType = wrapper.framework; name = Realm.framework; path = Carthage/Build/iOS/Realm.framework; sourceTree = "<group>"; };
		167A81291EC62A5A00E1CEA6 /* RealmSwift.framework */ = {isa = PBXFileReference; lastKnownFileType = wrapper.framework; name = RealmSwift.framework; path = Carthage/Build/iOS/RealmSwift.framework; sourceTree = "<group>"; };
/* End PBXFileReference section */

/* Begin PBXFrameworksBuildPhase section */
		160336291EC3835700305F81 /* Frameworks */ = {
			isa = PBXFrameworksBuildPhase;
			buildActionMask = 2147483647;
			files = (
				160336491EC386DB00305F81 /* Alamofire.framework in Frameworks */,
				167A812A1EC62A5A00E1CEA6 /* Realm.framework in Frameworks */,
				167A812B1EC62A5A00E1CEA6 /* RealmSwift.framework in Frameworks */,
			);
			runOnlyForDeploymentPostprocessing = 0;
		};
/* End PBXFrameworksBuildPhase section */

/* Begin PBXGroup section */
		160336231EC3835700305F81 = {
			isa = PBXGroup;
			children = (
				1603362F1EC3835700305F81 /* CleanItunesCore */,
				1603362E1EC3835700305F81 /* Products */,
				160336471EC386DB00305F81 /* Frameworks */,
			);
			sourceTree = "<group>";
		};
		1603362E1EC3835700305F81 /* Products */ = {
			isa = PBXGroup;
			children = (
				1603362D1EC3835700305F81 /* CleanItunesCore.framework */,
			);
			name = Products;
			sourceTree = "<group>";
		};
		1603362F1EC3835700305F81 /* CleanItunesCore */ = {
			isa = PBXGroup;
			children = (
				16042CCC1EC6170400B17626 /* Carthage Files */,
				160336421EC383EB00305F81 /* Classes */,
				160336401EC383C400305F81 /* Supporting Files */,
			);
			path = CleanItunesCore;
			sourceTree = "<group>";
		};
		160336401EC383C400305F81 /* Supporting Files */ = {
			isa = PBXGroup;
			children = (
				160336301EC3835700305F81 /* CleanItunesCore.h */,
				160336311EC3835700305F81 /* Info.plist */,
			);
			name = "Supporting Files";
			sourceTree = "<group>";
		};
		160336421EC383EB00305F81 /* Classes */ = {
			isa = PBXGroup;
			children = (
				160336431EC383EB00305F81 /* Models */,
			);
			path = Classes;
			sourceTree = "<group>";
		};
		160336431EC383EB00305F81 /* Models */ = {
			isa = PBXGroup;
			children = (
				160336441EC383FB00305F81 /* ItunesSearchRequest.swift */,
			);
			path = Models;
			sourceTree = "<group>";
		};
		160336471EC386DB00305F81 /* Frameworks */ = {
			isa = PBXGroup;
			children = (
				167A81281EC62A5A00E1CEA6 /* Realm.framework */,
				167A81291EC62A5A00E1CEA6 /* RealmSwift.framework */,
				160336481EC386DB00305F81 /* Alamofire.framework */,
			);
			name = Frameworks;
			sourceTree = "<group>";
		};
		16042CCC1EC6170400B17626 /* Carthage Files */ = {
			isa = PBXGroup;
			children = (
				16042CCD1EC6171B00B17626 /* Cartfile.private */,
			);
			name = "Carthage Files";
			sourceTree = "<group>";
		};
/* End PBXGroup section */

/* Begin PBXHeadersBuildPhase section */
		1603362A1EC3835700305F81 /* Headers */ = {
			isa = PBXHeadersBuildPhase;
			buildActionMask = 2147483647;
			files = (
				160336321EC3835700305F81 /* CleanItunesCore.h in Headers */,
			);
			runOnlyForDeploymentPostprocessing = 0;
		};
/* End PBXHeadersBuildPhase section */

/* Begin PBXNativeTarget section */
		1603362C1EC3835700305F81 /* CleanItunesCore */ = {
			isa = PBXNativeTarget;
			buildConfigurationList = 160336351EC3835700305F81 /* Build configuration list for PBXNativeTarget "CleanItunesCore" */;
			buildPhases = (
				160336281EC3835700305F81 /* Sources */,
				160336291EC3835700305F81 /* Frameworks */,
				1603362A1EC3835700305F81 /* Headers */,
				1603362B1EC3835700305F81 /* Resources */,
				1603364E1EC387D300305F81 /* Copy Frameworks */,
				16042CCE1EC6229100B17626 /* Run SwiftLint */,
			);
			buildRules = (
			);
			dependencies = (
			);
			name = CleanItunesCore;
			productName = CleanItunesCore;
			productReference = 1603362D1EC3835700305F81 /* CleanItunesCore.framework */;
			productType = "com.apple.product-type.framework";
		};
/* End PBXNativeTarget section */

/* Begin PBXProject section */
		160336241EC3835700305F81 /* Project object */ = {
			isa = PBXProject;
			attributes = {
				LastUpgradeCheck = 0820;
				ORGANIZATIONNAME = WDPRO;
				TargetAttributes = {
					1603362C1EC3835700305F81 = {
						CreatedOnToolsVersion = 8.2.1;
						DevelopmentTeam = BLKEL26JRB;
						LastSwiftMigration = 0820;
						ProvisioningStyle = Automatic;
					};
				};
			};
			buildConfigurationList = 160336271EC3835700305F81 /* Build configuration list for PBXProject "CleanItunesCore" */;
			compatibilityVersion = "Xcode 3.2";
			developmentRegion = English;
			hasScannedForEncodings = 0;
			knownRegions = (
				en,
			);
			mainGroup = 160336231EC3835700305F81;
			productRefGroup = 1603362E1EC3835700305F81 /* Products */;
			projectDirPath = "";
			projectRoot = "";
			targets = (
				1603362C1EC3835700305F81 /* CleanItunesCore */,
			);
		};
/* End PBXProject section */

/* Begin PBXResourcesBuildPhase section */
		1603362B1EC3835700305F81 /* Resources */ = {
			isa = PBXResourcesBuildPhase;
			buildActionMask = 2147483647;
			files = (
			);
			runOnlyForDeploymentPostprocessing = 0;
		};
/* End PBXResourcesBuildPhase section */

/* Begin PBXShellScriptBuildPhase section */
		1603364E1EC387D300305F81 /* Copy Frameworks */ = {
			isa = PBXShellScriptBuildPhase;
			buildActionMask = 2147483647;
			files = (
			);
			inputPaths = (
				"$(SRCROOT)/Carthage/Build/iOS/Alamofire.framework",
				"$(SRCROOT)/Carthage/Build/iOS/RealmSwift.framework",
				"$(SRCROOT)/Carthage/Build/iOS/Realm.framework",
			);
			name = "Copy Frameworks";
			outputPaths = (
			);
			runOnlyForDeploymentPostprocessing = 0;
			shellPath = /bin/sh;
			shellScript = "/usr/local/bin/carthage copy-frameworks";
		};
		16042CCE1EC6229100B17626 /* Run SwiftLint */ = {
			isa = PBXShellScriptBuildPhase;
			buildActionMask = 2147483647;
			files = (
			);
			inputPaths = (
			);
			name = "Run SwiftLint";
			outputPaths = (
			);
			runOnlyForDeploymentPostprocessing = 0;
			shellPath = /bin/sh;
			shellScript = "if which swiftlint >/dev/null; then\n    swiftlint\nelse\n    echo \"warning: SwiftLint not installed, download from https://github.com/realm/SwiftLint\"\nfi";
		};
/* End PBXShellScriptBuildPhase section */

/* Begin PBXSourcesBuildPhase section */
		160336281EC3835700305F81 /* Sources */ = {
			isa = PBXSourcesBuildPhase;
			buildActionMask = 2147483647;
			files = (
				160336451EC383FB00305F81 /* ItunesSearchRequest.swift in Sources */,
			);
			runOnlyForDeploymentPostprocessing = 0;
		};
/* End PBXSourcesBuildPhase section */

/* Begin XCBuildConfiguration section */
		160336331EC3835700305F81 /* Debug */ = {
			isa = XCBuildConfiguration;
			buildSettings = {
				ALWAYS_SEARCH_USER_PATHS = NO;
				CLANG_ANALYZER_NONNULL = YES;
				CLANG_CXX_LANGUAGE_STANDARD = "gnu++0x";
				CLANG_CXX_LIBRARY = "libc++";
				CLANG_ENABLE_MODULES = YES;
				CLANG_ENABLE_OBJC_ARC = YES;
				CLANG_WARN_BOOL_CONVERSION = YES;
				CLANG_WARN_CONSTANT_CONVERSION = YES;
				CLANG_WARN_DIRECT_OBJC_ISA_USAGE = YES_ERROR;
				CLANG_WARN_DOCUMENTATION_COMMENTS = YES;
				CLANG_WARN_EMPTY_BODY = YES;
				CLANG_WARN_ENUM_CONVERSION = YES;
				CLANG_WARN_INFINITE_RECURSION = YES;
				CLANG_WARN_INT_CONVERSION = YES;
				CLANG_WARN_OBJC_ROOT_CLASS = YES_ERROR;
				CLANG_WARN_SUSPICIOUS_MOVE = YES;
				CLANG_WARN_UNREACHABLE_CODE = YES;
				CLANG_WARN__DUPLICATE_METHOD_MATCH = YES;
				"CODE_SIGN_IDENTITY[sdk=iphoneos*]" = "iPhone Developer";
				COPY_PHASE_STRIP = NO;
				CURRENT_PROJECT_VERSION = 1;
				DEBUG_INFORMATION_FORMAT = dwarf;
				ENABLE_STRICT_OBJC_MSGSEND = YES;
				ENABLE_TESTABILITY = YES;
				GCC_C_LANGUAGE_STANDARD = gnu99;
				GCC_DYNAMIC_NO_PIC = NO;
				GCC_NO_COMMON_BLOCKS = YES;
				GCC_OPTIMIZATION_LEVEL = 0;
				GCC_PREPROCESSOR_DEFINITIONS = (
					"DEBUG=1",
					"$(inherited)",
				);
				GCC_WARN_64_TO_32_BIT_CONVERSION = YES;
				GCC_WARN_ABOUT_RETURN_TYPE = YES_ERROR;
				GCC_WARN_UNDECLARED_SELECTOR = YES;
				GCC_WARN_UNINITIALIZED_AUTOS = YES_AGGRESSIVE;
				GCC_WARN_UNUSED_FUNCTION = YES;
				GCC_WARN_UNUSED_VARIABLE = YES;
				IPHONEOS_DEPLOYMENT_TARGET = 10.2;
				MTL_ENABLE_DEBUG_INFO = YES;
				ONLY_ACTIVE_ARCH = YES;
				SDKROOT = iphoneos;
				SWIFT_ACTIVE_COMPILATION_CONDITIONS = DEBUG;
				SWIFT_OPTIMIZATION_LEVEL = "-Onone";
				TARGETED_DEVICE_FAMILY = "1,2";
				VERSIONING_SYSTEM = "apple-generic";
				VERSION_INFO_PREFIX = "";
			};
			name = Debug;
		};
		160336341EC3835700305F81 /* Release */ = {
			isa = XCBuildConfiguration;
			buildSettings = {
				ALWAYS_SEARCH_USER_PATHS = NO;
				CLANG_ANALYZER_NONNULL = YES;
				CLANG_CXX_LANGUAGE_STANDARD = "gnu++0x";
				CLANG_CXX_LIBRARY = "libc++";
				CLANG_ENABLE_MODULES = YES;
				CLANG_ENABLE_OBJC_ARC = YES;
				CLANG_WARN_BOOL_CONVERSION = YES;
				CLANG_WARN_CONSTANT_CONVERSION = YES;
				CLANG_WARN_DIRECT_OBJC_ISA_USAGE = YES_ERROR;
				CLANG_WARN_DOCUMENTATION_COMMENTS = YES;
				CLANG_WARN_EMPTY_BODY = YES;
				CLANG_WARN_ENUM_CONVERSION = YES;
				CLANG_WARN_INFINITE_RECURSION = YES;
				CLANG_WARN_INT_CONVERSION = YES;
				CLANG_WARN_OBJC_ROOT_CLASS = YES_ERROR;
				CLANG_WARN_SUSPICIOUS_MOVE = YES;
				CLANG_WARN_UNREACHABLE_CODE = YES;
				CLANG_WARN__DUPLICATE_METHOD_MATCH = YES;
				"CODE_SIGN_IDENTITY[sdk=iphoneos*]" = "iPhone Developer";
				COPY_PHASE_STRIP = NO;
				CURRENT_PROJECT_VERSION = 1;
				DEBUG_INFORMATION_FORMAT = "dwarf-with-dsym";
				ENABLE_NS_ASSERTIONS = NO;
				ENABLE_STRICT_OBJC_MSGSEND = YES;
				GCC_C_LANGUAGE_STANDARD = gnu99;
				GCC_NO_COMMON_BLOCKS = YES;
				GCC_WARN_64_TO_32_BIT_CONVERSION = YES;
				GCC_WARN_ABOUT_RETURN_TYPE = YES_ERROR;
				GCC_WARN_UNDECLARED_SELECTOR = YES;
				GCC_WARN_UNINITIALIZED_AUTOS = YES_AGGRESSIVE;
				GCC_WARN_UNUSED_FUNCTION = YES;
				GCC_WARN_UNUSED_VARIABLE = YES;
				IPHONEOS_DEPLOYMENT_TARGET = 10.2;
				MTL_ENABLE_DEBUG_INFO = NO;
				SDKROOT = iphoneos;
				SWIFT_OPTIMIZATION_LEVEL = "-Owholemodule";
				TARGETED_DEVICE_FAMILY = "1,2";
				VALIDATE_PRODUCT = YES;
				VERSIONING_SYSTEM = "apple-generic";
				VERSION_INFO_PREFIX = "";
			};
			name = Release;
		};
		160336361EC3835700305F81 /* Debug */ = {
			isa = XCBuildConfiguration;
			buildSettings = {
				CLANG_ENABLE_MODULES = YES;
				CODE_SIGN_IDENTITY = "";
				DEFINES_MODULE = YES;
				DEVELOPMENT_TEAM = BLKEL26JRB;
				DYLIB_COMPATIBILITY_VERSION = 1;
				DYLIB_CURRENT_VERSION = 1;
				DYLIB_INSTALL_NAME_BASE = "@rpath";
				FRAMEWORK_SEARCH_PATHS = (
					"$(inherited)",
					"$(PROJECT_DIR)/Carthage/Build/iOS",
				);
				INFOPLIST_FILE = CleanItunesCore/Info.plist;
				INSTALL_PATH = "$(LOCAL_LIBRARY_DIR)/Frameworks";
				LD_RUNPATH_SEARCH_PATHS = "$(inherited) @executable_path/Frameworks @loader_path/Frameworks";
				PRODUCT_BUNDLE_IDENTIFIER = com.disney.eServices.CleanItunesCore;
				PRODUCT_NAME = "$(TARGET_NAME)";
				SKIP_INSTALL = YES;
				SWIFT_OPTIMIZATION_LEVEL = "-Onone";
				SWIFT_VERSION = 3.0;
			};
			name = Debug;
		};
		160336371EC3835700305F81 /* Release */ = {
			isa = XCBuildConfiguration;
			buildSettings = {
				CLANG_ENABLE_MODULES = YES;
				CODE_SIGN_IDENTITY = "";
				DEFINES_MODULE = YES;
				DEVELOPMENT_TEAM = BLKEL26JRB;
				DYLIB_COMPATIBILITY_VERSION = 1;
				DYLIB_CURRENT_VERSION = 1;
				DYLIB_INSTALL_NAME_BASE = "@rpath";
				FRAMEWORK_SEARCH_PATHS = (
					"$(inherited)",
					"$(PROJECT_DIR)/Carthage/Build/iOS",
				);
				INFOPLIST_FILE = CleanItunesCore/Info.plist;
				INSTALL_PATH = "$(LOCAL_LIBRARY_DIR)/Frameworks";
				LD_RUNPATH_SEARCH_PATHS = "$(inherited) @executable_path/Frameworks @loader_path/Frameworks";
				PRODUCT_BUNDLE_IDENTIFIER = com.disney.eServices.CleanItunesCore;
				PRODUCT_NAME = "$(TARGET_NAME)";
				SKIP_INSTALL = YES;
				SWIFT_VERSION = 3.0;
			};
			name = Release;
		};
/* End XCBuildConfiguration section */

/* Begin XCConfigurationList section */
		160336271EC3835700305F81 /* Build configuration list for PBXProject "CleanItunesCore" */ = {
			isa = XCConfigurationList;
			buildConfigurations = (
				160336331EC3835700305F81 /* Debug */,
				160336341EC3835700305F81 /* Release */,
			);
			defaultConfigurationIsVisible = 0;
			defaultConfigurationName = Release;
		};
		160336351EC3835700305F81 /* Build configuration list for PBXNativeTarget "CleanItunesCore" */ = {
			isa = XCConfigurationList;
			buildConfigurations = (
				160336361EC3835700305F81 /* Debug */,
				160336371EC3835700305F81 /* Release */,
			);
			defaultConfigurationIsVisible = 0;
			defaultConfigurationName = Release;
		};
/* End XCConfigurationList section */
	};
	rootObject = 160336241EC3835700305F81 /* Project object */;
}
