// !$*UTF8*$!
{
	archiveVersion = 1;
	classes = {
	};
	objectVersion = 46;
	objects = {

/* Begin PBXBuildFile section */
		160335BD1EC37B7700305F81 /* AppDelegate.swift in Sources */ = {isa = PBXBuildFile; fileRef = 160335BC1EC37B7700305F81 /* AppDelegate.swift */; };
		160335BF1EC37B7700305F81 /* ViewController.swift in Sources */ = {isa = PBXBuildFile; fileRef = 160335BE1EC37B7700305F81 /* ViewController.swift */; };
		160335C21EC37B7700305F81 /* Main.storyboard in Resources */ = {isa = PBXBuildFile; fileRef = 160335C01EC37B7700305F81 /* Main.storyboard */; };
		160335C41EC37B7700305F81 /* Assets.xcassets in Resources */ = {isa = PBXBuildFile; fileRef = 160335C31EC37B7700305F81 /* Assets.xcassets */; };
		160335C71EC37B7700305F81 /* LaunchScreen.storyboard in Resources */ = {isa = PBXBuildFile; fileRef = 160335C51EC37B7700305F81 /* LaunchScreen.storyboard */; };
		1603363E1EC3838A00305F81 /* CleanItunesCore.framework in Frameworks */ = {isa = PBXBuildFile; fileRef = 1603363D1EC3838100305F81 /* CleanItunesCore.framework */; };
/* End PBXBuildFile section */

/* Begin PBXContainerItemProxy section */
		1603363C1EC3838100305F81 /* PBXContainerItemProxy */ = {
			isa = PBXContainerItemProxy;
			containerPortal = 160336381EC3838100305F81 /* CleanItunesCore.xcodeproj */;
			proxyType = 2;
			remoteGlobalIDString = 1603362D1EC3835700305F81;
			remoteInfo = CleanItunesCore;
		};
		160B70591ECCB064004E0E05 /* PBXContainerItemProxy */ = {
			isa = PBXContainerItemProxy;
			containerPortal = 160336381EC3838100305F81 /* CleanItunesCore.xcodeproj */;
			proxyType = 2;
			remoteGlobalIDString = 161BB5D41ECA10BF00A59FA1;
			remoteInfo = CleanItunesCoreTests;
		};
/* End PBXContainerItemProxy section */

/* Begin PBXFileReference section */
		160335B91EC37B7700305F81 /* CleanItunesSearch.app */ = {isa = PBXFileReference; explicitFileType = wrapper.application; includeInIndex = 0; path = CleanItunesSearch.app; sourceTree = BUILT_PRODUCTS_DIR; };
		160335BC1EC37B7700305F81 /* AppDelegate.swift */ = {isa = PBXFileReference; lastKnownFileType = sourcecode.swift; path = AppDelegate.swift; sourceTree = "<group>"; };
		160335BE1EC37B7700305F81 /* ViewController.swift */ = {isa = PBXFileReference; lastKnownFileType = sourcecode.swift; path = ViewController.swift; sourceTree = "<group>"; };
		160335C11EC37B7700305F81 /* Base */ = {isa = PBXFileReference; lastKnownFileType = file.storyboard; name = Base; path = Base.lproj/Main.storyboard; sourceTree = "<group>"; };
		160335C31EC37B7700305F81 /* Assets.xcassets */ = {isa = PBXFileReference; lastKnownFileType = folder.assetcatalog; path = Assets.xcassets; sourceTree = "<group>"; };
		160335C61EC37B7700305F81 /* Base */ = {isa = PBXFileReference; lastKnownFileType = file.storyboard; name = Base; path = Base.lproj/LaunchScreen.storyboard; sourceTree = "<group>"; };
		160335C81EC37B7700305F81 /* Info.plist */ = {isa = PBXFileReference; lastKnownFileType = text.plist.xml; path = Info.plist; sourceTree = "<group>"; };
		160336381EC3838100305F81 /* CleanItunesCore.xcodeproj */ = {isa = PBXFileReference; lastKnownFileType = "wrapper.pb-project"; name = CleanItunesCore.xcodeproj; path = CleanItunesCore/CleanItunesCore.xcodeproj; sourceTree = "<group>"; };
/* End PBXFileReference section */

/* Begin PBXFrameworksBuildPhase section */
		160335B61EC37B7700305F81 /* Frameworks */ = {
			isa = PBXFrameworksBuildPhase;
			buildActionMask = 2147483647;
			files = (
				1603363E1EC3838A00305F81 /* CleanItunesCore.framework in Frameworks */,
			);
			runOnlyForDeploymentPostprocessing = 0;
		};
/* End PBXFrameworksBuildPhase section */

/* Begin PBXGroup section */
		160335B01EC37B7700305F81 = {
			isa = PBXGroup;
			children = (
				160335BB1EC37B7700305F81 /* CleanItunesSearch */,
				160335BA1EC37B7700305F81 /* Products */,
				160336381EC3838100305F81 /* CleanItunesCore.xcodeproj */,
			);
			sourceTree = "<group>";
		};
		160335BA1EC37B7700305F81 /* Products */ = {
			isa = PBXGroup;
			children = (
				160335B91EC37B7700305F81 /* CleanItunesSearch.app */,
			);
			name = Products;
			sourceTree = "<group>";
		};
		160335BB1EC37B7700305F81 /* CleanItunesSearch */ = {
			isa = PBXGroup;
			children = (
				160335BC1EC37B7700305F81 /* AppDelegate.swift */,
				160335BE1EC37B7700305F81 /* ViewController.swift */,
				160335C01EC37B7700305F81 /* Main.storyboard */,
				160335C31EC37B7700305F81 /* Assets.xcassets */,
				160335C51EC37B7700305F81 /* LaunchScreen.storyboard */,
				160335C81EC37B7700305F81 /* Info.plist */,
			);
			path = CleanItunesSearch;
			sourceTree = "<group>";
		};
		160336391EC3838100305F81 /* Products */ = {
			isa = PBXGroup;
			children = (
				1603363D1EC3838100305F81 /* CleanItunesCore.framework */,
				160B705A1ECCB064004E0E05 /* CleanItunesCoreTests.xctest */,
			);
			name = Products;
			sourceTree = "<group>";
		};
/* End PBXGroup section */

/* Begin PBXNativeTarget section */
		160335B81EC37B7700305F81 /* CleanItunesSearch */ = {
			isa = PBXNativeTarget;
			buildConfigurationList = 160335CB1EC37B7700305F81 /* Build configuration list for PBXNativeTarget "CleanItunesSearch" */;
			buildPhases = (
				160335B51EC37B7700305F81 /* Sources */,
				160335B61EC37B7700305F81 /* Frameworks */,
				160335B71EC37B7700305F81 /* Resources */,
			);
			buildRules = (
			);
			dependencies = (
			);
			name = CleanItunesSearch;
			productName = CleanItunesSearch;
			productReference = 160335B91EC37B7700305F81 /* CleanItunesSearch.app */;
			productType = "com.apple.product-type.application";
		};
/* End PBXNativeTarget section */

/* Begin PBXProject section */
		160335B11EC37B7700305F81 /* Project object */ = {
			isa = PBXProject;
			attributes = {
				LastSwiftUpdateCheck = 0820;
				LastUpgradeCheck = 0820;
				ORGANIZATIONNAME = WDPRO;
				TargetAttributes = {
					160335B81EC37B7700305F81 = {
						CreatedOnToolsVersion = 8.2.1;
						DevelopmentTeam = BLKEL26JRB;
						ProvisioningStyle = Automatic;
					};
				};
			};
			buildConfigurationList = 160335B41EC37B7700305F81 /* Build configuration list for PBXProject "CleanItunesSearch" */;
			compatibilityVersion = "Xcode 3.2";
			developmentRegion = English;
			hasScannedForEncodings = 0;
			knownRegions = (
				en,
				Base,
			);
			mainGroup = 160335B01EC37B7700305F81;
			productRefGroup = 160335BA1EC37B7700305F81 /* Products */;
			projectDirPath = "";
			projectReferences = (
				{
					ProductGroup = 160336391EC3838100305F81 /* Products */;
					ProjectRef = 160336381EC3838100305F81 /* CleanItunesCore.xcodeproj */;
				},
			);
			projectRoot = "";
			targets = (
				160335B81EC37B7700305F81 /* CleanItunesSearch */,
			);
		};
/* End PBXProject section */

/* Begin PBXReferenceProxy section */
		1603363D1EC3838100305F81 /* CleanItunesCore.framework */ = {
			isa = PBXReferenceProxy;
			fileType = wrapper.framework;
			path = CleanItunesCore.framework;
			remoteRef = 1603363C1EC3838100305F81 /* PBXContainerItemProxy */;
			sourceTree = BUILT_PRODUCTS_DIR;
		};
		160B705A1ECCB064004E0E05 /* CleanItunesCoreTests.xctest */ = {
			isa = PBXReferenceProxy;
			fileType = wrapper.cfbundle;
			path = CleanItunesCoreTests.xctest;
			remoteRef = 160B70591ECCB064004E0E05 /* PBXContainerItemProxy */;
			sourceTree = BUILT_PRODUCTS_DIR;
		};
/* End PBXReferenceProxy section */

/* Begin PBXResourcesBuildPhase section */
		160335B71EC37B7700305F81 /* Resources */ = {
			isa = PBXResourcesBuildPhase;
			buildActionMask = 2147483647;
			files = (
				160335C71EC37B7700305F81 /* LaunchScreen.storyboard in Resources */,
				160335C41EC37B7700305F81 /* Assets.xcassets in Resources */,
				160335C21EC37B7700305F81 /* Main.storyboard in Resources */,
			);
			runOnlyForDeploymentPostprocessing = 0;
		};
/* End PBXResourcesBuildPhase section */

/* Begin PBXSourcesBuildPhase section */
		160335B51EC37B7700305F81 /* Sources */ = {
			isa = PBXSourcesBuildPhase;
			buildActionMask = 2147483647;
			files = (
				160335BF1EC37B7700305F81 /* ViewController.swift in Sources */,
				160335BD1EC37B7700305F81 /* AppDelegate.swift in Sources */,
			);
			runOnlyForDeploymentPostprocessing = 0;
		};
/* End PBXSourcesBuildPhase section */

/* Begin PBXVariantGroup section */
		160335C01EC37B7700305F81 /* Main.storyboard */ = {
			isa = PBXVariantGroup;
			children = (
				160335C11EC37B7700305F81 /* Base */,
			);
			name = Main.storyboard;
			sourceTree = "<group>";
		};
		160335C51EC37B7700305F81 /* LaunchScreen.storyboard */ = {
			isa = PBXVariantGroup;
			children = (
				160335C61EC37B7700305F81 /* Base */,
			);
			name = LaunchScreen.storyboard;
			sourceTree = "<group>";
		};
/* End PBXVariantGroup section */

/* Begin XCBuildConfiguration section */
		160335C91EC37B7700305F81 /* Debug */ = {
			isa = XCBuildConfiguration;
			buildSettings = {
				ALWAYS_SEARCH_USER_PATHS = NO;
				CLANG_ANALYZER_NONNULL = YES;
				CLANG_CXX_LANGUAGE_STANDARD = "gnu++0x";
				CLANG_CXX_LIBRARY = "libc++";
				CLANG_ENABLE_MODULES = YES;
				CLANG_ENABLE_OBJC_ARC = YES;
				CLANG_WARN_BOOL_CONVERSION = YES;
				CLANG_WARN_CONSTANT_CONVERSION = YES;
				CLANG_WARN_DIRECT_OBJC_ISA_USAGE = YES_ERROR;
				CLANG_WARN_DOCUMENTATION_COMMENTS = YES;
				CLANG_WARN_EMPTY_BODY = YES;
				CLANG_WARN_ENUM_CONVERSION = YES;
				CLANG_WARN_INFINITE_RECURSION = YES;
				CLANG_WARN_INT_CONVERSION = YES;
				CLANG_WARN_OBJC_ROOT_CLASS = YES_ERROR;
				CLANG_WARN_SUSPICIOUS_MOVE = YES;
				CLANG_WARN_UNREACHABLE_CODE = YES;
				CLANG_WARN__DUPLICATE_METHOD_MATCH = YES;
				"CODE_SIGN_IDENTITY[sdk=iphoneos*]" = "iPhone Developer";
				COPY_PHASE_STRIP = NO;
				DEBUG_INFORMATION_FORMAT = dwarf;
				ENABLE_STRICT_OBJC_MSGSEND = YES;
				ENABLE_TESTABILITY = YES;
				GCC_C_LANGUAGE_STANDARD = gnu99;
				GCC_DYNAMIC_NO_PIC = NO;
				GCC_NO_COMMON_BLOCKS = YES;
				GCC_OPTIMIZATION_LEVEL = 0;
				GCC_PREPROCESSOR_DEFINITIONS = (
					"DEBUG=1",
					"$(inherited)",
				);
				GCC_WARN_64_TO_32_BIT_CONVERSION = YES;
				GCC_WARN_ABOUT_RETURN_TYPE = YES_ERROR;
				GCC_WARN_UNDECLARED_SELECTOR = YES;
				GCC_WARN_UNINITIALIZED_AUTOS = YES_AGGRESSIVE;
				GCC_WARN_UNUSED_FUNCTION = YES;
				GCC_WARN_UNUSED_VARIABLE = YES;
				IPHONEOS_DEPLOYMENT_TARGET = 10.2;
				MTL_ENABLE_DEBUG_INFO = YES;
				ONLY_ACTIVE_ARCH = YES;
				SDKROOT = iphoneos;
				SWIFT_ACTIVE_COMPILATION_CONDITIONS = DEBUG;
				SWIFT_OPTIMIZATION_LEVEL = "-Onone";
			};
			name = Debug;
		};
		160335CA1EC37B7700305F81 /* Release */ = {
			isa = XCBuildConfiguration;
			buildSettings = {
				ALWAYS_SEARCH_USER_PATHS = NO;
				CLANG_ANALYZER_NONNULL = YES;
				CLANG_CXX_LANGUAGE_STANDARD = "gnu++0x";
				CLANG_CXX_LIBRARY = "libc++";
				CLANG_ENABLE_MODULES = YES;
				CLANG_ENABLE_OBJC_ARC = YES;
				CLANG_WARN_BOOL_CONVERSION = YES;
				CLANG_WARN_CONSTANT_CONVERSION = YES;
				CLANG_WARN_DIRECT_OBJC_ISA_USAGE = YES_ERROR;
				CLANG_WARN_DOCUMENTATION_COMMENTS = YES;
				CLANG_WARN_EMPTY_BODY = YES;
				CLANG_WARN_ENUM_CONVERSION = YES;
				CLANG_WARN_INFINITE_RECURSION = YES;
				CLANG_WARN_INT_CONVERSION = YES;
				CLANG_WARN_OBJC_ROOT_CLASS = YES_ERROR;
				CLANG_WARN_SUSPICIOUS_MOVE = YES;
				CLANG_WARN_UNREACHABLE_CODE = YES;
				CLANG_WARN__DUPLICATE_METHOD_MATCH = YES;
				"CODE_SIGN_IDENTITY[sdk=iphoneos*]" = "iPhone Developer";
				COPY_PHASE_STRIP = NO;
				DEBUG_INFORMATION_FORMAT = "dwarf-with-dsym";
				ENABLE_NS_ASSERTIONS = NO;
				ENABLE_STRICT_OBJC_MSGSEND = YES;
				GCC_C_LANGUAGE_STANDARD = gnu99;
				GCC_NO_COMMON_BLOCKS = YES;
				GCC_WARN_64_TO_32_BIT_CONVERSION = YES;
				GCC_WARN_ABOUT_RETURN_TYPE = YES_ERROR;
				GCC_WARN_UNDECLARED_SELECTOR = YES;
				GCC_WARN_UNINITIALIZED_AUTOS = YES_AGGRESSIVE;
				GCC_WARN_UNUSED_FUNCTION = YES;
				GCC_WARN_UNUSED_VARIABLE = YES;
				IPHONEOS_DEPLOYMENT_TARGET = 10.2;
				MTL_ENABLE_DEBUG_INFO = NO;
				SDKROOT = iphoneos;
				SWIFT_OPTIMIZATION_LEVEL = "-Owholemodule";
				VALIDATE_PRODUCT = YES;
			};
			name = Release;
		};
		160335CC1EC37B7700305F81 /* Debug */ = {
			isa = XCBuildConfiguration;
			buildSettings = {
				ASSETCATALOG_COMPILER_APPICON_NAME = AppIcon;
				DEVELOPMENT_TEAM = BLKEL26JRB;
				INFOPLIST_FILE = CleanItunesSearch/Info.plist;
				LD_RUNPATH_SEARCH_PATHS = "$(inherited) @executable_path/Frameworks";
				PRODUCT_BUNDLE_IDENTIFIER = com.disney.eServices.CleanItunesSearch;
				PRODUCT_NAME = "$(TARGET_NAME)";
				SWIFT_VERSION = 3.0;
			};
			name = Debug;
		};
		160335CD1EC37B7700305F81 /* Release */ = {
			isa = XCBuildConfiguration;
			buildSettings = {
				ASSETCATALOG_COMPILER_APPICON_NAME = AppIcon;
				DEVELOPMENT_TEAM = BLKEL26JRB;
				INFOPLIST_FILE = CleanItunesSearch/Info.plist;
				LD_RUNPATH_SEARCH_PATHS = "$(inherited) @executable_path/Frameworks";
				PRODUCT_BUNDLE_IDENTIFIER = com.disney.eServices.CleanItunesSearch;
				PRODUCT_NAME = "$(TARGET_NAME)";
				SWIFT_VERSION = 3.0;
			};
			name = Release;
		};
/* End XCBuildConfiguration section */

/* Begin XCConfigurationList section */
		160335B41EC37B7700305F81 /* Build configuration list for PBXProject "CleanItunesSearch" */ = {
			isa = XCConfigurationList;
			buildConfigurations = (
				160335C91EC37B7700305F81 /* Debug */,
				160335CA1EC37B7700305F81 /* Release */,
			);
			defaultConfigurationIsVisible = 0;
			defaultConfigurationName = Release;
		};
		160335CB1EC37B7700305F81 /* Build configuration list for PBXNativeTarget "CleanItunesSearch" */ = {
			isa = XCConfigurationList;
			buildConfigurations = (
				160335CC1EC37B7700305F81 /* Debug */,
				160335CD1EC37B7700305F81 /* Release */,
			);
			defaultConfigurationIsVisible = 0;
			defaultConfigurationName = Release;
		};
/* End XCConfigurationList section */
	};
	rootObject = 160335B11EC37B7700305F81 /* Project object */;
}
